
Microsoft Visual Studio Solution File, Format Version 12.00
Project("{FAE04EC0-301F-11D3-BF4B-00C04F79EFBC}") = "Servus.Akka", "Servus.Akka\Servus.Akka.csproj", "{BC30B88D-1E33-49BF-9867-058F63DBBB00}"
EndProject
Project("{FAE04EC0-301F-11D3-BF4B-00C04F79EFBC}") = "Servus.Akka.Tests", "Servus.Akka.Tests\Servus.Akka.Tests.csproj", "{D6A1F772-DF59-432E-B8CF-BFC037D2A14A}"
EndProject
Project("{2150E333-8FDC-42A3-9474-1A3956D46DE8}") = "Solution Items", "Solution Items", "{BFC5749C-9FA6-4A77-8A1B-A6FCF48C3A87}"
	ProjectSection(SolutionItems) = preProject
		..\README.md = ..\README.md
		..\LICENSE = ..\LICENSE
		..\.github\workflows\build-and-release.yml = ..\.github\workflows\build-and-release.yml
		Directory.Packages.props = Directory.Packages.props
		Directory.Build.props = Directory.Build.props
		global.json = global.json
	EndProjectSection
EndProject
Project("{FAE04EC0-301F-11D3-BF4B-00C04F79EFBC}") = "Servus.Akka.Samples.WebApi", "Servus.Akka.Samples.WebApi\Servus.Akka.Samples.WebApi.csproj", "{6C6CDCDE-6F89-4DA9-B7C8-9E34842F3B9B}"
EndProject
Project("{FAE04EC0-301F-11D3-BF4B-00C04F79EFBC}") = "Servus.Akka.TestKit", "Servus.Akka.TestKit\Servus.Akka.TestKit.csproj", "{08F01F1C-12A7-43D2-9783-B0351BB0CB35}"
EndProject
Project("{FAE04EC0-301F-11D3-BF4B-00C04F79EFBC}") = "Servus.Akka.TestKit.Tests", "Servus.Akka.TestKit.Tests\Servus.Akka.TestKit.Tests.csproj", "{F335CAEC-88B5-4D54-93C8-7804AA84E2B4}"
EndProject
Global
	GlobalSection(SolutionConfigurationPlatforms) = preSolution
		Debug|Any CPU = Debug|Any CPU
		Debug|x64 = Debug|x64
		Debug|x86 = Debug|x86
		Release|Any CPU = Release|Any CPU
		Release|x64 = Release|x64
		Release|x86 = Release|x86
	EndGlobalSection
	GlobalSection(ProjectConfigurationPlatforms) = postSolution
		{BC30B88D-1E33-49BF-9867-058F63DBBB00}.Debug|Any CPU.ActiveCfg = Debug|Any CPU
		{BC30B88D-1E33-49BF-9867-058F63DBBB00}.Debug|Any CPU.Build.0 = Debug|Any CPU
		{BC30B88D-1E33-49BF-9867-058F63DBBB00}.Debug|x64.ActiveCfg = Debug|Any CPU
		{BC30B88D-1E33-49BF-9867-058F63DBBB00}.Debug|x64.Build.0 = Debug|Any CPU
		{BC30B88D-1E33-49BF-9867-058F63DBBB00}.Debug|x86.ActiveCfg = Debug|Any CPU
		{BC30B88D-1E33-49BF-9867-058F63DBBB00}.Debug|x86.Build.0 = Debug|Any CPU
		{BC30B88D-1E33-49BF-9867-058F63DBBB00}.Release|Any CPU.ActiveCfg = Release|Any CPU
		{BC30B88D-1E33-49BF-9867-058F63DBBB00}.Release|Any CPU.Build.0 = Release|Any CPU
		{BC30B88D-1E33-49BF-9867-058F63DBBB00}.Release|x64.ActiveCfg = Release|Any CPU
		{BC30B88D-1E33-49BF-9867-058F63DBBB00}.Release|x64.Build.0 = Release|Any CPU
		{BC30B88D-1E33-49BF-9867-058F63DBBB00}.Release|x86.ActiveCfg = Release|Any CPU
		{BC30B88D-1E33-49BF-9867-058F63DBBB00}.Release|x86.Build.0 = Release|Any CPU
		{D6A1F772-DF59-432E-B8CF-BFC037D2A14A}.Debug|Any CPU.ActiveCfg = Debug|Any CPU
		{D6A1F772-DF59-432E-B8CF-BFC037D2A14A}.Debug|Any CPU.Build.0 = Debug|Any CPU
		{D6A1F772-DF59-432E-B8CF-BFC037D2A14A}.Debug|x64.ActiveCfg = Debug|Any CPU
		{D6A1F772-DF59-432E-B8CF-BFC037D2A14A}.Debug|x64.Build.0 = Debug|Any CPU
		{D6A1F772-DF59-432E-B8CF-BFC037D2A14A}.Debug|x86.ActiveCfg = Debug|Any CPU
		{D6A1F772-DF59-432E-B8CF-BFC037D2A14A}.Debug|x86.Build.0 = Debug|Any CPU
		{D6A1F772-DF59-432E-B8CF-BFC037D2A14A}.Release|Any CPU.ActiveCfg = Release|Any CPU
		{D6A1F772-DF59-432E-B8CF-BFC037D2A14A}.Release|Any CPU.Build.0 = Release|Any CPU
		{D6A1F772-DF59-432E-B8CF-BFC037D2A14A}.Release|x64.ActiveCfg = Release|Any CPU
		{D6A1F772-DF59-432E-B8CF-BFC037D2A14A}.Release|x64.Build.0 = Release|Any CPU
		{D6A1F772-DF59-432E-B8CF-BFC037D2A14A}.Release|x86.ActiveCfg = Release|Any CPU
		{D6A1F772-DF59-432E-B8CF-BFC037D2A14A}.Release|x86.Build.0 = Release|Any CPU
		{6C6CDCDE-6F89-4DA9-B7C8-9E34842F3B9B}.Debug|Any CPU.ActiveCfg = Debug|Any CPU
		{6C6CDCDE-6F89-4DA9-B7C8-9E34842F3B9B}.Debug|Any CPU.Build.0 = Debug|Any CPU
		{6C6CDCDE-6F89-4DA9-B7C8-9E34842F3B9B}.Debug|x64.ActiveCfg = Debug|Any CPU
		{6C6CDCDE-6F89-4DA9-B7C8-9E34842F3B9B}.Debug|x64.Build.0 = Debug|Any CPU
		{6C6CDCDE-6F89-4DA9-B7C8-9E34842F3B9B}.Debug|x86.ActiveCfg = Debug|Any CPU
		{6C6CDCDE-6F89-4DA9-B7C8-9E34842F3B9B}.Debug|x86.Build.0 = Debug|Any CPU
		{6C6CDCDE-6F89-4DA9-B7C8-9E34842F3B9B}.Release|Any CPU.ActiveCfg = Release|Any CPU
		{6C6CDCDE-6F89-4DA9-B7C8-9E34842F3B9B}.Release|Any CPU.Build.0 = Release|Any CPU
		{6C6CDCDE-6F89-4DA9-B7C8-9E34842F3B9B}.Release|x64.ActiveCfg = Release|Any CPU
		{6C6CDCDE-6F89-4DA9-B7C8-9E34842F3B9B}.Release|x64.Build.0 = Release|Any CPU
		{6C6CDCDE-6F89-4DA9-B7C8-9E34842F3B9B}.Release|x86.ActiveCfg = Release|Any CPU
		{6C6CDCDE-6F89-4DA9-B7C8-9E34842F3B9B}.Release|x86.Build.0 = Release|Any CPU
		{08F01F1C-12A7-43D2-9783-B0351BB0CB35}.Debug|Any CPU.ActiveCfg = Debug|Any CPU
		{08F01F1C-12A7-43D2-9783-B0351BB0CB35}.Debug|Any CPU.Build.0 = Debug|Any CPU
		{08F01F1C-12A7-43D2-9783-B0351BB0CB35}.Release|Any CPU.ActiveCfg = Release|Any CPU
		{08F01F1C-12A7-43D2-9783-B0351BB0CB35}.Release|Any CPU.Build.0 = Release|Any CPU
		{F335CAEC-88B5-4D54-93C8-7804AA84E2B4}.Debug|Any CPU.ActiveCfg = Debug|Any CPU
		{F335CAEC-88B5-4D54-93C8-7804AA84E2B4}.Debug|Any CPU.Build.0 = Debug|Any CPU
		{F335CAEC-88B5-4D54-93C8-7804AA84E2B4}.Release|Any CPU.ActiveCfg = Release|Any CPU
		{F335CAEC-88B5-4D54-93C8-7804AA84E2B4}.Release|Any CPU.Build.0 = Release|Any CPU
	EndGlobalSection
	GlobalSection(SolutionProperties) = preSolution
		HideSolutionNode = FALSE
	EndGlobalSection
EndGlobal
